{
  "version": "5",
  "specifiers": {
    "jsr:@cross/deepmerge@1": "1.0.0",
    "jsr:@std/assert@1": "1.0.13",
    "jsr:@std/dotenv@~0.225.3": "0.225.3",
    "jsr:@std/fmt@^1.0.7": "1.0.7",
    "jsr:@std/internal@^1.0.6": "1.0.6",
    "npm:url-toolkit@^2.2.5": "2.2.5"
  },
  "jsr": {
    "@cross/deepmerge@1.0.0": {
      "integrity": "1e1318a74e31ba1959b9aa0acae8bd417b806f74ffd25ac07c90e12f83ad6b1d"
    },
    "@std/assert@1.0.13": {
      "integrity": "ae0d31e41919b12c656c742b22522c32fb26ed0cba32975cb0de2a273cb68b29",
      "dependencies": [
        "jsr:@std/internal"
      ]
    },
    "@std/dotenv@0.225.3": {
      "integrity": "a95e5b812c27b0854c52acbae215856d9cce9d4bbf774d938c51d212711e8d4a"
    },
    "@std/fmt@1.0.7": {
      "integrity": "2a727c043d8df62cd0b819b3fb709b64dd622e42c3b1bb817ea7e6cc606360fb"
    },
    "@std/internal@1.0.6": {
      "integrity": "9533b128f230f73bd209408bb07a4b12f8d4255ab2a4d22a1fd6d87304aca9a4"
    }
  },
  "npm": {
    "url-toolkit@2.2.5": {
      "integrity": "sha512-mtN6xk+Nac+oyJ/PrI7tzfmomRVNFIWKUbG8jdYFt52hxbiReFAXIjYskvu64/dvuW71IcB7lV8l0HvZMac6Jg=="
    }
  },
  "remote": {
    "https://cdn.jsdelivr.net/npm/url-toolkit@2": "ab97563fd1d60e64eb35ec120b71aeb6b82c45e179e5191ba274df9077d3b5e9"
  },
  "workspace": {
    "dependencies": [
      "jsr:@cross/deepmerge@1",
      "jsr:@std/assert@1",
      "jsr:@std/dotenv@~0.225.3",
      "jsr:@std/fmt@^1.0.7",
      "npm:url-toolkit@^2.2.5"
    ]
  }
}
